// !$*UTF8*$!
{
	archiveVersion = 1;
	classes = {
	};
	objectVersion = 51;
	objects = {

/* Begin PBXBuildFile section */
		7D2861A426F5E1FA00087935 /* AlbumsViewController.swift in Sources */ = {isa = PBXBuildFile; fileRef = 7D2861A326F5E1FA00087935 /* AlbumsViewController.swift */; };
		7D2861A726F5E20F00087935 /* PhotosViewController.swift in Sources */ = {isa = PBXBuildFile; fileRef = 7D2861A626F5E20F00087935 /* PhotosViewController.swift */; };
		7D2861AA26F5E21B00087935 /* ImageViewController.swift in Sources */ = {isa = PBXBuildFile; fileRef = 7D2861A926F5E21B00087935 /* ImageViewController.swift */; };
		7D28620926F72CC900087935 /* AuthRoute.swift in Sources */ = {isa = PBXBuildFile; fileRef = 7D28620826F72CC900087935 /* AuthRoute.swift */; };
		7D28620C26F731C900087935 /* PhotoAlbumRoute.swift in Sources */ = {isa = PBXBuildFile; fileRef = 7D28620B26F731C900087935 /* PhotoAlbumRoute.swift */; };
		7D28620F26F7450500087935 /* Albums.swift in Sources */ = {isa = PBXBuildFile; fileRef = 7D28620E26F7450500087935 /* Albums.swift */; };
		7D28621626F750CE00087935 /* Photos.swift in Sources */ = {isa = PBXBuildFile; fileRef = 7D28621526F750CE00087935 /* Photos.swift */; };
		7D2AD21126F88FE700982FDE /* NetworkService.swift in Sources */ = {isa = PBXBuildFile; fileRef = 7D2AD21026F88FE700982FDE /* NetworkService.swift */; };
		7DF86D9526F4B0CB000BF637 /* AppDelegate.swift in Sources */ = {isa = PBXBuildFile; fileRef = 7DF86D9426F4B0CB000BF637 /* AppDelegate.swift */; };
		7DF86D9726F4B0CB000BF637 /* SceneDelegate.swift in Sources */ = {isa = PBXBuildFile; fileRef = 7DF86D9626F4B0CB000BF637 /* SceneDelegate.swift */; };
		7DF86D9926F4B0CB000BF637 /* AuthViewController.swift in Sources */ = {isa = PBXBuildFile; fileRef = 7DF86D9826F4B0CB000BF637 /* AuthViewController.swift */; };
		7DF86D9E26F4B0CC000BF637 /* Assets.xcassets in Resources */ = {isa = PBXBuildFile; fileRef = 7DF86D9D26F4B0CC000BF637 /* Assets.xcassets */; };
		7DF86DA126F4B0CC000BF637 /* LaunchScreen.storyboard in Resources */ = {isa = PBXBuildFile; fileRef = 7DF86D9F26F4B0CC000BF637 /* LaunchScreen.storyboard */; };
		BC926050FD12F87C0B3AC1A9 /* Pods_PhotoAlbum.framework in Frameworks */ = {isa = PBXBuildFile; fileRef = F56136ED5EEC81DB82872F99 /* Pods_PhotoAlbum.framework */; };
/* End PBXBuildFile section */

/* Begin PBXFileReference section */
		45C7149D7A7F893C4733A3D8 /* Pods-PhotoAlbum.debug.xcconfig */ = {isa = PBXFileReference; includeInIndex = 1; lastKnownFileType = text.xcconfig; name = "Pods-PhotoAlbum.debug.xcconfig"; path = "Target Support Files/Pods-PhotoAlbum/Pods-PhotoAlbum.debug.xcconfig"; sourceTree = "<group>"; };
		69A3553C24F27BA845FD1F37 /* Pods-PhotoAlbum.release.xcconfig */ = {isa = PBXFileReference; includeInIndex = 1; lastKnownFileType = text.xcconfig; name = "Pods-PhotoAlbum.release.xcconfig"; path = "Target Support Files/Pods-PhotoAlbum/Pods-PhotoAlbum.release.xcconfig"; sourceTree = "<group>"; };
		7D2861A326F5E1FA00087935 /* AlbumsViewController.swift */ = {isa = PBXFileReference; lastKnownFileType = sourcecode.swift; path = AlbumsViewController.swift; sourceTree = "<group>"; };
		7D2861A626F5E20F00087935 /* PhotosViewController.swift */ = {isa = PBXFileReference; lastKnownFileType = sourcecode.swift; path = PhotosViewController.swift; sourceTree = "<group>"; };
		7D2861A926F5E21B00087935 /* ImageViewController.swift */ = {isa = PBXFileReference; lastKnownFileType = sourcecode.swift; path = ImageViewController.swift; sourceTree = "<group>"; };
		7D28620826F72CC900087935 /* AuthRoute.swift */ = {isa = PBXFileReference; lastKnownFileType = sourcecode.swift; path = AuthRoute.swift; sourceTree = "<group>"; };
		7D28620B26F731C900087935 /* PhotoAlbumRoute.swift */ = {isa = PBXFileReference; lastKnownFileType = sourcecode.swift; path = PhotoAlbumRoute.swift; sourceTree = "<group>"; };
		7D28620E26F7450500087935 /* Albums.swift */ = {isa = PBXFileReference; lastKnownFileType = sourcecode.swift; path = Albums.swift; sourceTree = "<group>"; };
		7D28621526F750CE00087935 /* Photos.swift */ = {isa = PBXFileReference; lastKnownFileType = sourcecode.swift; path = Photos.swift; sourceTree = "<group>"; };
		7D2AD21026F88FE700982FDE /* NetworkService.swift */ = {isa = PBXFileReference; lastKnownFileType = sourcecode.swift; path = NetworkService.swift; sourceTree = "<group>"; };
		7DF86D9126F4B0CB000BF637 /* PhotoAlbum.app */ = {isa = PBXFileReference; explicitFileType = wrapper.application; includeInIndex = 0; path = PhotoAlbum.app; sourceTree = BUILT_PRODUCTS_DIR; };
		7DF86D9426F4B0CB000BF637 /* AppDelegate.swift */ = {isa = PBXFileReference; lastKnownFileType = sourcecode.swift; path = AppDelegate.swift; sourceTree = "<group>"; };
		7DF86D9626F4B0CB000BF637 /* SceneDelegate.swift */ = {isa = PBXFileReference; lastKnownFileType = sourcecode.swift; path = SceneDelegate.swift; sourceTree = "<group>"; };
		7DF86D9826F4B0CB000BF637 /* AuthViewController.swift */ = {isa = PBXFileReference; lastKnownFileType = sourcecode.swift; path = AuthViewController.swift; sourceTree = "<group>"; };
		7DF86D9D26F4B0CC000BF637 /* Assets.xcassets */ = {isa = PBXFileReference; lastKnownFileType = folder.assetcatalog; path = Assets.xcassets; sourceTree = "<group>"; };
		7DF86DA026F4B0CC000BF637 /* Base */ = {isa = PBXFileReference; lastKnownFileType = file.storyboard; name = Base; path = Base.lproj/LaunchScreen.storyboard; sourceTree = "<group>"; };
		7DF86DA226F4B0CC000BF637 /* Info.plist */ = {isa = PBXFileReference; lastKnownFileType = text.plist.xml; path = Info.plist; sourceTree = "<group>"; };
		F56136ED5EEC81DB82872F99 /* Pods_PhotoAlbum.framework */ = {isa = PBXFileReference; explicitFileType = wrapper.framework; includeInIndex = 0; path = Pods_PhotoAlbum.framework; sourceTree = BUILT_PRODUCTS_DIR; };
/* End PBXFileReference section */

/* Begin PBXFrameworksBuildPhase section */
		7DF86D8E26F4B0CB000BF637 /* Frameworks */ = {
			isa = PBXFrameworksBuildPhase;
			buildActionMask = 2147483647;
			files = (
				BC926050FD12F87C0B3AC1A9 /* Pods_PhotoAlbum.framework in Frameworks */,
			);
			runOnlyForDeploymentPostprocessing = 0;
		};
/* End PBXFrameworksBuildPhase section */

/* Begin PBXGroup section */
		1758F196F281AA9C85FE9B0F /* Pods */ = {
			isa = PBXGroup;
			children = (
				45C7149D7A7F893C4733A3D8 /* Pods-PhotoAlbum.debug.xcconfig */,
				69A3553C24F27BA845FD1F37 /* Pods-PhotoAlbum.release.xcconfig */,
			);
			path = Pods;
			sourceTree = "<group>";
		};
		665B19638ACF13F6EA3FDC75 /* Frameworks */ = {
			isa = PBXGroup;
			children = (
				F56136ED5EEC81DB82872F99 /* Pods_PhotoAlbum.framework */,
			);
			name = Frameworks;
			sourceTree = "<group>";
		};
		7D2861AC26F5E22A00087935 /* Controllers */ = {
			isa = PBXGroup;
			children = (
				7DF86D9826F4B0CB000BF637 /* AuthViewController.swift */,
				7D2861A326F5E1FA00087935 /* AlbumsViewController.swift */,
				7D2861A626F5E20F00087935 /* PhotosViewController.swift */,
				7D2861A926F5E21B00087935 /* ImageViewController.swift */,
			);
			path = Controllers;
			sourceTree = "<group>";
		};
		7D2861F326F72B3200087935 /* Common */ = {
			isa = PBXGroup;
			children = (
				7DF86D9426F4B0CB000BF637 /* AppDelegate.swift */,
				7DF86D9626F4B0CB000BF637 /* SceneDelegate.swift */,
			);
			path = Common;
			sourceTree = "<group>";
		};
		7D28620726F72CA900087935 /* Routes */ = {
			isa = PBXGroup;
			children = (
				7D28620826F72CC900087935 /* AuthRoute.swift */,
				7D28620B26F731C900087935 /* PhotoAlbumRoute.swift */,
			);
			path = Routes;
			sourceTree = "<group>";
		};
		7D28621126F7450900087935 /* Models */ = {
			isa = PBXGroup;
			children = (
				7D28620E26F7450500087935 /* Albums.swift */,
				7D28621526F750CE00087935 /* Photos.swift */,
			);
			path = Models;
			sourceTree = "<group>";
		};
		7D2AD20F26F88FD900982FDE /* Services */ = {
			isa = PBXGroup;
			children = (
				7D2AD21026F88FE700982FDE /* NetworkService.swift */,
			);
			path = Services;
			sourceTree = "<group>";
		};
		7DF86D8826F4B0CB000BF637 = {
			isa = PBXGroup;
			children = (
				7DF86D9326F4B0CB000BF637 /* PhotoAlbum */,
				7DF86D9226F4B0CB000BF637 /* Products */,
				1758F196F281AA9C85FE9B0F /* Pods */,
				665B19638ACF13F6EA3FDC75 /* Frameworks */,
			);
			sourceTree = "<group>";
		};
		7DF86D9226F4B0CB000BF637 /* Products */ = {
			isa = PBXGroup;
			children = (
				7DF86D9126F4B0CB000BF637 /* PhotoAlbum.app */,
			);
			name = Products;
			sourceTree = "<group>";
		};
		7DF86D9326F4B0CB000BF637 /* PhotoAlbum */ = {
			isa = PBXGroup;
			children = (
				7D2861F326F72B3200087935 /* Common */,
				7D2AD20F26F88FD900982FDE /* Services */,
				7D28620726F72CA900087935 /* Routes */,
				7D28621126F7450900087935 /* Models */,
				7D2861AC26F5E22A00087935 /* Controllers */,
				7DF86D9D26F4B0CC000BF637 /* Assets.xcassets */,
				7DF86D9F26F4B0CC000BF637 /* LaunchScreen.storyboard */,
				7DF86DA226F4B0CC000BF637 /* Info.plist */,
			);
			path = PhotoAlbum;
			sourceTree = "<group>";
		};
/* End PBXGroup section */

/* Begin PBXNativeTarget section */
		7DF86D9026F4B0CB000BF637 /* PhotoAlbum */ = {
			isa = PBXNativeTarget;
			buildConfigurationList = 7DF86DA526F4B0CC000BF637 /* Build configuration list for PBXNativeTarget "PhotoAlbum" */;
			buildPhases = (
				F10CAE58A2F20C8E294C4363 /* [CP] Check Pods Manifest.lock */,
				7DF86D8D26F4B0CB000BF637 /* Sources */,
				7DF86D8E26F4B0CB000BF637 /* Frameworks */,
				7DF86D8F26F4B0CB000BF637 /* Resources */,
				5C8394221DADC77C99738977 /* [CP] Embed Pods Frameworks */,
				7DF86DAD26F4C273000BF637 /* ShellScript */,
			);
			buildRules = (
			);
			dependencies = (
			);
			name = PhotoAlbum;
			productName = PhotoAlbum;
			productReference = 7DF86D9126F4B0CB000BF637 /* PhotoAlbum.app */;
			productType = "com.apple.product-type.application";
		};
/* End PBXNativeTarget section */

/* Begin PBXProject section */
		7DF86D8926F4B0CB000BF637 /* Project object */ = {
			isa = PBXProject;
			attributes = {
				LastSwiftUpdateCheck = 1240;
				LastUpgradeCheck = 1240;
				TargetAttributes = {
					7DF86D9026F4B0CB000BF637 = {
						CreatedOnToolsVersion = 12.4;
					};
				};
			};
			buildConfigurationList = 7DF86D8C26F4B0CB000BF637 /* Build configuration list for PBXProject "PhotoAlbum" */;
			compatibilityVersion = "Xcode 9.3";
			developmentRegion = en;
			hasScannedForEncodings = 0;
			knownRegions = (
				en,
				Base,
			);
			mainGroup = 7DF86D8826F4B0CB000BF637;
			productRefGroup = 7DF86D9226F4B0CB000BF637 /* Products */;
			projectDirPath = "";
			projectRoot = "";
			targets = (
				7DF86D9026F4B0CB000BF637 /* PhotoAlbum */,
			);
		};
/* End PBXProject section */

/* Begin PBXResourcesBuildPhase section */
		7DF86D8F26F4B0CB000BF637 /* Resources */ = {
			isa = PBXResourcesBuildPhase;
			buildActionMask = 2147483647;
			files = (
				7DF86DA126F4B0CC000BF637 /* LaunchScreen.storyboard in Resources */,
				7DF86D9E26F4B0CC000BF637 /* Assets.xcassets in Resources */,
			);
			runOnlyForDeploymentPostprocessing = 0;
		};
/* End PBXResourcesBuildPhase section */

/* Begin PBXShellScriptBuildPhase section */
		5C8394221DADC77C99738977 /* [CP] Embed Pods Frameworks */ = {
			isa = PBXShellScriptBuildPhase;
			buildActionMask = 2147483647;
			files = (
			);
			inputFileListPaths = (
				"${PODS_ROOT}/Target Support Files/Pods-PhotoAlbum/Pods-PhotoAlbum-frameworks-${CONFIGURATION}-input-files.xcfilelist",
			);
			name = "[CP] Embed Pods Frameworks";
			outputFileListPaths = (
				"${PODS_ROOT}/Target Support Files/Pods-PhotoAlbum/Pods-PhotoAlbum-frameworks-${CONFIGURATION}-output-files.xcfilelist",
			);
			runOnlyForDeploymentPostprocessing = 0;
			shellPath = /bin/sh;
			shellScript = "\"${PODS_ROOT}/Target Support Files/Pods-PhotoAlbum/Pods-PhotoAlbum-frameworks.sh\"\n";
			showEnvVarsInLog = 0;
		};
		7DF86DAD26F4C273000BF637 /* ShellScript */ = {
			isa = PBXShellScriptBuildPhase;
			buildActionMask = 2147483647;
			files = (
			);
			inputFileListPaths = (
			);
			inputPaths = (
			);
			outputFileListPaths = (
			);
			outputPaths = (
			);
			runOnlyForDeploymentPostprocessing = 0;
			shellPath = /bin/sh;
			shellScript = "# Type a script or drag a script file from your workspace to insert its path.\nif which swiftlint >/dev/null; then\n  swiftlint\nelse\n  echo \"warning: SwiftLint not installed, download from https://github.com/realm/SwiftLint\"\nfi\n";
		};
		F10CAE58A2F20C8E294C4363 /* [CP] Check Pods Manifest.lock */ = {
			isa = PBXShellScriptBuildPhase;
			buildActionMask = 2147483647;
			files = (
			);
			inputFileListPaths = (
			);
			inputPaths = (
				"${PODS_PODFILE_DIR_PATH}/Podfile.lock",
				"${PODS_ROOT}/Manifest.lock",
			);
			name = "[CP] Check Pods Manifest.lock";
			outputFileListPaths = (
			);
			outputPaths = (
				"$(DERIVED_FILE_DIR)/Pods-PhotoAlbum-checkManifestLockResult.txt",
			);
			runOnlyForDeploymentPostprocessing = 0;
			shellPath = /bin/sh;
			shellScript = "diff \"${PODS_PODFILE_DIR_PATH}/Podfile.lock\" \"${PODS_ROOT}/Manifest.lock\" > /dev/null\nif [ $? != 0 ] ; then\n    # print error to STDERR\n    echo \"error: The sandbox is not in sync with the Podfile.lock. Run 'pod install' or update your CocoaPods installation.\" >&2\n    exit 1\nfi\n# This output is used by Xcode 'outputs' to avoid re-running this script phase.\necho \"SUCCESS\" > \"${SCRIPT_OUTPUT_FILE_0}\"\n";
			showEnvVarsInLog = 0;
		};
/* End PBXShellScriptBuildPhase section */

/* Begin PBXSourcesBuildPhase section */
		7DF86D8D26F4B0CB000BF637 /* Sources */ = {
			isa = PBXSourcesBuildPhase;
			buildActionMask = 2147483647;
			files = (
				7D2AD21126F88FE700982FDE /* NetworkService.swift in Sources */,
				7D2861A426F5E1FA00087935 /* AlbumsViewController.swift in Sources */,
				7DF86D9926F4B0CB000BF637 /* AuthViewController.swift in Sources */,
				7D28620C26F731C900087935 /* PhotoAlbumRoute.swift in Sources */,
				7D28620926F72CC900087935 /* AuthRoute.swift in Sources */,
				7DF86D9526F4B0CB000BF637 /* AppDelegate.swift in Sources */,
				7DF86D9726F4B0CB000BF637 /* SceneDelegate.swift in Sources */,
				7D28620F26F7450500087935 /* Albums.swift in Sources */,
				7D2861AA26F5E21B00087935 /* ImageViewController.swift in Sources */,
				7D28621626F750CE00087935 /* Photos.swift in Sources */,
				7D2861A726F5E20F00087935 /* PhotosViewController.swift in Sources */,
			);
			runOnlyForDeploymentPostprocessing = 0;
		};
/* End PBXSourcesBuildPhase section */

/* Begin PBXVariantGroup section */
		7DF86D9F26F4B0CC000BF637 /* LaunchScreen.storyboard */ = {
			isa = PBXVariantGroup;
			children = (
				7DF86DA026F4B0CC000BF637 /* Base */,
			);
			name = LaunchScreen.storyboard;
			sourceTree = "<group>";
		};
/* End PBXVariantGroup section */

/* Begin XCBuildConfiguration section */
		7DF86DA326F4B0CC000BF637 /* Debug */ = {
			isa = XCBuildConfiguration;
			buildSettings = {
				ALWAYS_SEARCH_USER_PATHS = NO;
				CLANG_ANALYZER_NONNULL = YES;
				CLANG_ANALYZER_NUMBER_OBJECT_CONVERSION = YES_AGGRESSIVE;
				CLANG_CXX_LANGUAGE_STANDARD = "gnu++14";
				CLANG_CXX_LIBRARY = "libc++";
				CLANG_ENABLE_MODULES = YES;
				CLANG_ENABLE_OBJC_ARC = YES;
				CLANG_ENABLE_OBJC_WEAK = YES;
				CLANG_WARN_BLOCK_CAPTURE_AUTORELEASING = YES;
				CLANG_WARN_BOOL_CONVERSION = YES;
				CLANG_WARN_COMMA = YES;
				CLANG_WARN_CONSTANT_CONVERSION = YES;
				CLANG_WARN_DEPRECATED_OBJC_IMPLEMENTATIONS = YES;
				CLANG_WARN_DIRECT_OBJC_ISA_USAGE = YES_ERROR;
				CLANG_WARN_DOCUMENTATION_COMMENTS = YES;
				CLANG_WARN_EMPTY_BODY = YES;
				CLANG_WARN_ENUM_CONVERSION = YES;
				CLANG_WARN_INFINITE_RECURSION = YES;
				CLANG_WARN_INT_CONVERSION = YES;
				CLANG_WARN_NON_LITERAL_NULL_CONVERSION = YES;
				CLANG_WARN_OBJC_IMPLICIT_RETAIN_SELF = YES;
				CLANG_WARN_OBJC_LITERAL_CONVERSION = YES;
				CLANG_WARN_OBJC_ROOT_CLASS = YES_ERROR;
				CLANG_WARN_QUOTED_INCLUDE_IN_FRAMEWORK_HEADER = YES;
				CLANG_WARN_RANGE_LOOP_ANALYSIS = YES;
				CLANG_WARN_STRICT_PROTOTYPES = YES;
				CLANG_WARN_SUSPICIOUS_MOVE = YES;
				CLANG_WARN_UNGUARDED_AVAILABILITY = YES_AGGRESSIVE;
				CLANG_WARN_UNREACHABLE_CODE = YES;
				CLANG_WARN__DUPLICATE_METHOD_MATCH = YES;
				COPY_PHASE_STRIP = NO;
				DEBUG_INFORMATION_FORMAT = dwarf;
				ENABLE_STRICT_OBJC_MSGSEND = YES;
				ENABLE_TESTABILITY = YES;
				GCC_C_LANGUAGE_STANDARD = gnu11;
				GCC_DYNAMIC_NO_PIC = NO;
				GCC_NO_COMMON_BLOCKS = YES;
				GCC_OPTIMIZATION_LEVEL = 0;
				GCC_PREPROCESSOR_DEFINITIONS = (
					"DEBUG=1",
					"$(inherited)",
				);
				GCC_WARN_64_TO_32_BIT_CONVERSION = YES;
				GCC_WARN_ABOUT_RETURN_TYPE = YES_ERROR;
				GCC_WARN_UNDECLARED_SELECTOR = YES;
				GCC_WARN_UNINITIALIZED_AUTOS = YES_AGGRESSIVE;
				GCC_WARN_UNUSED_FUNCTION = YES;
				GCC_WARN_UNUSED_VARIABLE = YES;
				IPHONEOS_DEPLOYMENT_TARGET = 14.4;
				MTL_ENABLE_DEBUG_INFO = INCLUDE_SOURCE;
				MTL_FAST_MATH = YES;
				ONLY_ACTIVE_ARCH = YES;
				SDKROOT = iphoneos;
				SWIFT_ACTIVE_COMPILATION_CONDITIONS = DEBUG;
				SWIFT_OPTIMIZATION_LEVEL = "-Onone";
			};
			name = Debug;
		};
		7DF86DA426F4B0CC000BF637 /* Release */ = {
			isa = XCBuildConfiguration;
			buildSettings = {
				ALWAYS_SEARCH_USER_PATHS = NO;
				CLANG_ANALYZER_NONNULL = YES;
				CLANG_ANALYZER_NUMBER_OBJECT_CONVERSION = YES_AGGRESSIVE;
				CLANG_CXX_LANGUAGE_STANDARD = "gnu++14";
				CLANG_CXX_LIBRARY = "libc++";
				CLANG_ENABLE_MODULES = YES;
				CLANG_ENABLE_OBJC_ARC = YES;
				CLANG_ENABLE_OBJC_WEAK = YES;
				CLANG_WARN_BLOCK_CAPTURE_AUTORELEASING = YES;
				CLANG_WARN_BOOL_CONVERSION = YES;
				CLANG_WARN_COMMA = YES;
				CLANG_WARN_CONSTANT_CONVERSION = YES;
				CLANG_WARN_DEPRECATED_OBJC_IMPLEMENTATIONS = YES;
				CLANG_WARN_DIRECT_OBJC_ISA_USAGE = YES_ERROR;
				CLANG_WARN_DOCUMENTATION_COMMENTS = YES;
				CLANG_WARN_EMPTY_BODY = YES;
				CLANG_WARN_ENUM_CONVERSION = YES;
				CLANG_WARN_INFINITE_RECURSION = YES;
				CLANG_WARN_INT_CONVERSION = YES;
				CLANG_WARN_NON_LITERAL_NULL_CONVERSION = YES;
				CLANG_WARN_OBJC_IMPLICIT_RETAIN_SELF = YES;
				CLANG_WARN_OBJC_LITERAL_CONVERSION = YES;
				CLANG_WARN_OBJC_ROOT_CLASS = YES_ERROR;
				CLANG_WARN_QUOTED_INCLUDE_IN_FRAMEWORK_HEADER = YES;
				CLANG_WARN_RANGE_LOOP_ANALYSIS = YES;
				CLANG_WARN_STRICT_PROTOTYPES = YES;
				CLANG_WARN_SUSPICIOUS_MOVE = YES;
				CLANG_WARN_UNGUARDED_AVAILABILITY = YES_AGGRESSIVE;
				CLANG_WARN_UNREACHABLE_CODE = YES;
				CLANG_WARN__DUPLICATE_METHOD_MATCH = YES;
				COPY_PHASE_STRIP = NO;
				DEBUG_INFORMATION_FORMAT = "dwarf-with-dsym";
				ENABLE_NS_ASSERTIONS = NO;
				ENABLE_STRICT_OBJC_MSGSEND = YES;
				GCC_C_LANGUAGE_STANDARD = gnu11;
				GCC_NO_COMMON_BLOCKS = YES;
				GCC_WARN_64_TO_32_BIT_CONVERSION = YES;
				GCC_WARN_ABOUT_RETURN_TYPE = YES_ERROR;
				GCC_WARN_UNDECLARED_SELECTOR = YES;
				GCC_WARN_UNINITIALIZED_AUTOS = YES_AGGRESSIVE;
				GCC_WARN_UNUSED_FUNCTION = YES;
				GCC_WARN_UNUSED_VARIABLE = YES;
				IPHONEOS_DEPLOYMENT_TARGET = 14.4;
				MTL_ENABLE_DEBUG_INFO = NO;
				MTL_FAST_MATH = YES;
				SDKROOT = iphoneos;
				SWIFT_COMPILATION_MODE = wholemodule;
				SWIFT_OPTIMIZATION_LEVEL = "-O";
				VALIDATE_PRODUCT = YES;
			};
			name = Release;
		};
		7DF86DA626F4B0CC000BF637 /* Debug */ = {
			isa = XCBuildConfiguration;
			baseConfigurationReference = 45C7149D7A7F893C4733A3D8 /* Pods-PhotoAlbum.debug.xcconfig */;
			buildSettings = {
				ASSETCATALOG_COMPILER_APPICON_NAME = AppIcon;
				ASSETCATALOG_COMPILER_GLOBAL_ACCENT_COLOR_NAME = AccentColor;
				CODE_SIGN_STYLE = Automatic;
				INFOPLIST_FILE = PhotoAlbum/Info.plist;
				LD_RUNPATH_SEARCH_PATHS = (
					"$(inherited)",
					"@executable_path/Frameworks",
				);
				PRODUCT_BUNDLE_IDENTIFIER = Erkhaan.PhotoAlbum;
				PRODUCT_NAME = "$(TARGET_NAME)";
				SWIFT_VERSION = 5.0;
				TARGETED_DEVICE_FAMILY = 1;
			};
			name = Debug;
		};
		7DF86DA726F4B0CC000BF637 /* Release */ = {
			isa = XCBuildConfiguration;
			baseConfigurationReference = 69A3553C24F27BA845FD1F37 /* Pods-PhotoAlbum.release.xcconfig */;
			buildSettings = {
				ASSETCATALOG_COMPILER_APPICON_NAME = AppIcon;
				ASSETCATALOG_COMPILER_GLOBAL_ACCENT_COLOR_NAME = AccentColor;
				CODE_SIGN_STYLE = Automatic;
				INFOPLIST_FILE = PhotoAlbum/Info.plist;
				LD_RUNPATH_SEARCH_PATHS = (
					"$(inherited)",
					"@executable_path/Frameworks",
				);
				PRODUCT_BUNDLE_IDENTIFIER = Erkhaan.PhotoAlbum;
				PRODUCT_NAME = "$(TARGET_NAME)";
				SWIFT_VERSION = 5.0;
				TARGETED_DEVICE_FAMILY = 1;
			};
			name = Release;
		};
/* End XCBuildConfiguration section */

/* Begin XCConfigurationList section */
		7DF86D8C26F4B0CB000BF637 /* Build configuration list for PBXProject "PhotoAlbum" */ = {
			isa = XCConfigurationList;
			buildConfigurations = (
				7DF86DA326F4B0CC000BF637 /* Debug */,
				7DF86DA426F4B0CC000BF637 /* Release */,
			);
			defaultConfigurationIsVisible = 0;
			defaultConfigurationName = Release;
		};
		7DF86DA526F4B0CC000BF637 /* Build configuration list for PBXNativeTarget "PhotoAlbum" */ = {
			isa = XCConfigurationList;
			buildConfigurations = (
				7DF86DA626F4B0CC000BF637 /* Debug */,
				7DF86DA726F4B0CC000BF637 /* Release */,
			);
			defaultConfigurationIsVisible = 0;
			defaultConfigurationName = Release;
		};
/* End XCConfigurationList section */
	};
	rootObject = 7DF86D8926F4B0CB000BF637 /* Project object */;
}
